
Microsoft Visual Studio Solution File, Format Version 12.00
# Visual Studio Version 17
VisualStudioVersion = 17.1.32210.238
MinimumVisualStudioVersion = 10.0.40219.1
Project("{FAE04EC0-301F-11D3-BF4B-00C04F79EFBC}") = "MvcWebProject", "MvcWebProject\MvcWebProject.csproj", "{0AE464F4-E787-432A-B67A-F4B5C395EA64}"
EndProject
Global
	GlobalSection(SolutionConfigurationPlatforms) = preSolution
		Debug|Any CPU = Debug|Any CPU
		Release|Any CPU = Release|Any CPU
	EndGlobalSection
	GlobalSection(ProjectConfigurationPlatforms) = postSolution
		{0AE464F4-E787-432A-B67A-F4B5C395EA64}.Debug|Any CPU.ActiveCfg = Debug|Any CPU
		{0AE464F4-E787-432A-B67A-F4B5C395EA64}.Debug|Any CPU.Build.0 = Debug|Any CPU
		{0AE464F4-E787-432A-B67A-F4B5C395EA64}.Release|Any CPU.ActiveCfg = Release|Any CPU
		{0AE464F4-E787-432A-B67A-F4B5C395EA64}.Release|Any CPU.Build.0 = Release|Any CPU
	EndGlobalSection
	GlobalSection(SolutionProperties) = preSolution
		HideSolutionNode = FALSE
	EndGlobalSection
	GlobalSection(ExtensibilityGlobals) = postSolution
		SolutionGuid = {2275A494-706A-4928-B603-AA220E01511A}
	EndGlobalSection
EndGlobal
